
Microsoft Visual Studio Solution File, Format Version 12.00
# Visual Studio Version 17
VisualStudioVersion = 17.7.34024.191
MinimumVisualStudioVersion = 10.0.40219.1
Project("{FAE04EC0-301F-11D3-BF4B-00C04F79EFBC}") = "VeebiPood", "VeebiPood\VeebiPood.csproj", "{B8E284FB-049F-486B-88DF-4BA5AB6C5B32}"
EndProject
Global
	GlobalSection(SolutionConfigurationPlatforms) = preSolution
		Debug|Any CPU = Debug|Any CPU
		Release|Any CPU = Release|Any CPU
	EndGlobalSection
	GlobalSection(ProjectConfigurationPlatforms) = postSolution
		{B8E284FB-049F-486B-88DF-4BA5AB6C5B32}.Debug|Any CPU.ActiveCfg = Debug|Any CPU
		{B8E284FB-049F-486B-88DF-4BA5AB6C5B32}.Debug|Any CPU.Build.0 = Debug|Any CPU
		{B8E284FB-049F-486B-88DF-4BA5AB6C5B32}.Release|Any CPU.ActiveCfg = Release|Any CPU
		{B8E284FB-049F-486B-88DF-4BA5AB6C5B32}.Release|Any CPU.Build.0 = Release|Any CPU
	EndGlobalSection
	GlobalSection(SolutionProperties) = preSolution
		HideSolutionNode = FALSE
	EndGlobalSection
	GlobalSection(ExtensibilityGlobals) = postSolution
		SolutionGuid = {3F2C1B93-F0B1-4292-B344-E58671EE7ABB}
	EndGlobalSection
EndGlobal
